
Microsoft Visual Studio Solution File, Format Version 12.00
# Visual Studio 15
VisualStudioVersion = 15.0.28010.2048
MinimumVisualStudioVersion = 10.0.40219.1
Project("{FAE04EC0-301F-11D3-BF4B-00C04F79EFBC}") = "DBD.Android", "DBD\DBD.Android\DBD.Android.csproj", "{F1C52E77-F2D7-406B-A1AA-AC4DBE53C74F}"
EndProject
Project("{FAE04EC0-301F-11D3-BF4B-00C04F79EFBC}") = "DBD.iOS", "DBD\DBD.iOS\DBD.iOS.csproj", "{353F7717-5F96-4126-AAEB-06C79106A56E}"
EndProject
Project("{9A19103F-16F7-4668-BE54-9A1E7A4F7556}") = "DBD", "DBD\DBD\DBD.csproj", "{A57A67E7-270E-446E-A6F4-97B4936F145D}"
EndProject
Global
	GlobalSection(SolutionConfigurationPlatforms) = preSolution
		Ad-Hoc|Any CPU = Ad-Hoc|Any CPU
		Ad-Hoc|iPhone = Ad-Hoc|iPhone
		Ad-Hoc|iPhoneSimulator = Ad-Hoc|iPhoneSimulator
		AppStore|Any CPU = AppStore|Any CPU
		AppStore|iPhone = AppStore|iPhone
		AppStore|iPhoneSimulator = AppStore|iPhoneSimulator
		Debug|Any CPU = Debug|Any CPU
		Debug|iPhone = Debug|iPhone
		Debug|iPhoneSimulator = Debug|iPhoneSimulator
		Release|Any CPU = Release|Any CPU
		Release|iPhone = Release|iPhone
		Release|iPhoneSimulator = Release|iPhoneSimulator
	EndGlobalSection
	GlobalSection(ProjectConfigurationPlatforms) = postSolution
		{F1C52E77-F2D7-406B-A1AA-AC4DBE53C74F}.Ad-Hoc|Any CPU.ActiveCfg = Release|Any CPU
		{F1C52E77-F2D7-406B-A1AA-AC4DBE53C74F}.Ad-Hoc|Any CPU.Build.0 = Release|Any CPU
		{F1C52E77-F2D7-406B-A1AA-AC4DBE53C74F}.Ad-Hoc|Any CPU.Deploy.0 = Release|Any CPU
		{F1C52E77-F2D7-406B-A1AA-AC4DBE53C74F}.Ad-Hoc|iPhone.ActiveCfg = Release|Any CPU
		{F1C52E77-F2D7-406B-A1AA-AC4DBE53C74F}.Ad-Hoc|iPhone.Build.0 = Release|Any CPU
		{F1C52E77-F2D7-406B-A1AA-AC4DBE53C74F}.Ad-Hoc|iPhone.Deploy.0 = Release|Any CPU
		{F1C52E77-F2D7-406B-A1AA-AC4DBE53C74F}.Ad-Hoc|iPhoneSimulator.ActiveCfg = Release|Any CPU
		{F1C52E77-F2D7-406B-A1AA-AC4DBE53C74F}.Ad-Hoc|iPhoneSimulator.Build.0 = Release|Any CPU
		{F1C52E77-F2D7-406B-A1AA-AC4DBE53C74F}.Ad-Hoc|iPhoneSimulator.Deploy.0 = Release|Any CPU
		{F1C52E77-F2D7-406B-A1AA-AC4DBE53C74F}.AppStore|Any CPU.ActiveCfg = Release|Any CPU
		{F1C52E77-F2D7-406B-A1AA-AC4DBE53C74F}.AppStore|Any CPU.Build.0 = Release|Any CPU
		{F1C52E77-F2D7-406B-A1AA-AC4DBE53C74F}.AppStore|Any CPU.Deploy.0 = Release|Any CPU
		{F1C52E77-F2D7-406B-A1AA-AC4DBE53C74F}.AppStore|iPhone.ActiveCfg = Release|Any CPU
		{F1C52E77-F2D7-406B-A1AA-AC4DBE53C74F}.AppStore|iPhone.Build.0 = Release|Any CPU
		{F1C52E77-F2D7-406B-A1AA-AC4DBE53C74F}.AppStore|iPhone.Deploy.0 = Release|Any CPU
		{F1C52E77-F2D7-406B-A1AA-AC4DBE53C74F}.AppStore|iPhoneSimulator.ActiveCfg = Release|Any CPU
		{F1C52E77-F2D7-406B-A1AA-AC4DBE53C74F}.AppStore|iPhoneSimulator.Build.0 = Release|Any CPU
		{F1C52E77-F2D7-406B-A1AA-AC4DBE53C74F}.AppStore|iPhoneSimulator.Deploy.0 = Release|Any CPU
		{F1C52E77-F2D7-406B-A1AA-AC4DBE53C74F}.Debug|Any CPU.ActiveCfg = Debug|Any CPU
		{F1C52E77-F2D7-406B-A1AA-AC4DBE53C74F}.Debug|Any CPU.Build.0 = Debug|Any CPU
		{F1C52E77-F2D7-406B-A1AA-AC4DBE53C74F}.Debug|Any CPU.Deploy.0 = Debug|Any CPU
		{F1C52E77-F2D7-406B-A1AA-AC4DBE53C74F}.Debug|iPhone.ActiveCfg = Debug|Any CPU
		{F1C52E77-F2D7-406B-A1AA-AC4DBE53C74F}.Debug|iPhone.Build.0 = Debug|Any CPU
		{F1C52E77-F2D7-406B-A1AA-AC4DBE53C74F}.Debug|iPhone.Deploy.0 = Debug|Any CPU
		{F1C52E77-F2D7-406B-A1AA-AC4DBE53C74F}.Debug|iPhoneSimulator.ActiveCfg = Debug|Any CPU
		{F1C52E77-F2D7-406B-A1AA-AC4DBE53C74F}.Debug|iPhoneSimulator.Build.0 = Debug|Any CPU
		{F1C52E77-F2D7-406B-A1AA-AC4DBE53C74F}.Debug|iPhoneSimulator.Deploy.0 = Debug|Any CPU
		{F1C52E77-F2D7-406B-A1AA-AC4DBE53C74F}.Release|Any CPU.ActiveCfg = Release|Any CPU
		{F1C52E77-F2D7-406B-A1AA-AC4DBE53C74F}.Release|Any CPU.Build.0 = Release|Any CPU
		{F1C52E77-F2D7-406B-A1AA-AC4DBE53C74F}.Release|Any CPU.Deploy.0 = Release|Any CPU
		{F1C52E77-F2D7-406B-A1AA-AC4DBE53C74F}.Release|iPhone.ActiveCfg = Release|Any CPU
		{F1C52E77-F2D7-406B-A1AA-AC4DBE53C74F}.Release|iPhone.Build.0 = Release|Any CPU
		{F1C52E77-F2D7-406B-A1AA-AC4DBE53C74F}.Release|iPhone.Deploy.0 = Release|Any CPU
		{F1C52E77-F2D7-406B-A1AA-AC4DBE53C74F}.Release|iPhoneSimulator.ActiveCfg = Release|Any CPU
		{F1C52E77-F2D7-406B-A1AA-AC4DBE53C74F}.Release|iPhoneSimulator.Build.0 = Release|Any CPU
		{F1C52E77-F2D7-406B-A1AA-AC4DBE53C74F}.Release|iPhoneSimulator.Deploy.0 = Release|Any CPU
		{353F7717-5F96-4126-AAEB-06C79106A56E}.Ad-Hoc|Any CPU.ActiveCfg = Ad-Hoc|iPhone
		{353F7717-5F96-4126-AAEB-06C79106A56E}.Ad-Hoc|Any CPU.Build.0 = Ad-Hoc|iPhone
		{353F7717-5F96-4126-AAEB-06C79106A56E}.Ad-Hoc|Any CPU.Deploy.0 = Ad-Hoc|iPhone
		{353F7717-5F96-4126-AAEB-06C79106A56E}.Ad-Hoc|iPhone.ActiveCfg = Ad-Hoc|iPhone
		{353F7717-5F96-4126-AAEB-06C79106A56E}.Ad-Hoc|iPhone.Build.0 = Ad-Hoc|iPhone
		{353F7717-5F96-4126-AAEB-06C79106A56E}.Ad-Hoc|iPhone.Deploy.0 = Ad-Hoc|iPhone
		{353F7717-5F96-4126-AAEB-06C79106A56E}.Ad-Hoc|iPhoneSimulator.ActiveCfg = Ad-Hoc|iPhoneSimulator
		{353F7717-5F96-4126-AAEB-06C79106A56E}.Ad-Hoc|iPhoneSimulator.Build.0 = Ad-Hoc|iPhoneSimulator
		{353F7717-5F96-4126-AAEB-06C79106A56E}.Ad-Hoc|iPhoneSimulator.Deploy.0 = Ad-Hoc|iPhoneSimulator
		{353F7717-5F96-4126-AAEB-06C79106A56E}.AppStore|Any CPU.ActiveCfg = AppStore|iPhone
		{353F7717-5F96-4126-AAEB-06C79106A56E}.AppStore|Any CPU.Build.0 = AppStore|iPhone
		{353F7717-5F96-4126-AAEB-06C79106A56E}.AppStore|Any CPU.Deploy.0 = AppStore|iPhone
		{353F7717-5F96-4126-AAEB-06C79106A56E}.AppStore|iPhone.ActiveCfg = AppStore|iPhone
		{353F7717-5F96-4126-AAEB-06C79106A56E}.AppStore|iPhone.Build.0 = AppStore|iPhone
		{353F7717-5F96-4126-AAEB-06C79106A56E}.AppStore|iPhone.Deploy.0 = AppStore|iPhone
		{353F7717-5F96-4126-AAEB-06C79106A56E}.AppStore|iPhoneSimulator.ActiveCfg = AppStore|iPhoneSimulator
		{353F7717-5F96-4126-AAEB-06C79106A56E}.AppStore|iPhoneSimulator.Build.0 = AppStore|iPhoneSimulator
		{353F7717-5F96-4126-AAEB-06C79106A56E}.AppStore|iPhoneSimulator.Deploy.0 = AppStore|iPhoneSimulator
		{353F7717-5F96-4126-AAEB-06C79106A56E}.Debug|Any CPU.ActiveCfg = Debug|iPhoneSimulator
		{353F7717-5F96-4126-AAEB-06C79106A56E}.Debug|Any CPU.Build.0 = Debug|iPhoneSimulator
		{353F7717-5F96-4126-AAEB-06C79106A56E}.Debug|Any CPU.Deploy.0 = Debug|iPhoneSimulator
		{353F7717-5F96-4126-AAEB-06C79106A56E}.Debug|iPhone.ActiveCfg = Debug|iPhone
		{353F7717-5F96-4126-AAEB-06C79106A56E}.Debug|iPhone.Build.0 = Debug|iPhone
		{353F7717-5F96-4126-AAEB-06C79106A56E}.Debug|iPhone.Deploy.0 = Debug|iPhone
		{353F7717-5F96-4126-AAEB-06C79106A56E}.Debug|iPhoneSimulator.ActiveCfg = Debug|iPhoneSimulator
		{353F7717-5F96-4126-AAEB-06C79106A56E}.Debug|iPhoneSimulator.Build.0 = Debug|iPhoneSimulator
		{353F7717-5F96-4126-AAEB-06C79106A56E}.Debug|iPhoneSimulator.Deploy.0 = Debug|iPhoneSimulator
		{353F7717-5F96-4126-AAEB-06C79106A56E}.Release|Any CPU.ActiveCfg = Release|iPhone
		{353F7717-5F96-4126-AAEB-06C79106A56E}.Release|Any CPU.Build.0 = Release|iPhone
		{353F7717-5F96-4126-AAEB-06C79106A56E}.Release|Any CPU.Deploy.0 = Release|iPhone
		{353F7717-5F96-4126-AAEB-06C79106A56E}.Release|iPhone.ActiveCfg = Release|iPhone
		{353F7717-5F96-4126-AAEB-06C79106A56E}.Release|iPhone.Build.0 = Release|iPhone
		{353F7717-5F96-4126-AAEB-06C79106A56E}.Release|iPhone.Deploy.0 = Release|iPhone
		{353F7717-5F96-4126-AAEB-06C79106A56E}.Release|iPhoneSimulator.ActiveCfg = Release|iPhoneSimulator
		{353F7717-5F96-4126-AAEB-06C79106A56E}.Release|iPhoneSimulator.Build.0 = Release|iPhoneSimulator
		{353F7717-5F96-4126-AAEB-06C79106A56E}.Release|iPhoneSimulator.Deploy.0 = Release|iPhoneSimulator
		{A57A67E7-270E-446E-A6F4-97B4936F145D}.Ad-Hoc|Any CPU.ActiveCfg = Debug|Any CPU
		{A57A67E7-270E-446E-A6F4-97B4936F145D}.Ad-Hoc|Any CPU.Build.0 = Debug|Any CPU
		{A57A67E7-270E-446E-A6F4-97B4936F145D}.Ad-Hoc|Any CPU.Deploy.0 = Debug|Any CPU
		{A57A67E7-270E-446E-A6F4-97B4936F145D}.Ad-Hoc|iPhone.ActiveCfg = Debug|Any CPU
		{A57A67E7-270E-446E-A6F4-97B4936F145D}.Ad-Hoc|iPhone.Build.0 = Debug|Any CPU
		{A57A67E7-270E-446E-A6F4-97B4936F145D}.Ad-Hoc|iPhone.Deploy.0 = Debug|Any CPU
		{A57A67E7-270E-446E-A6F4-97B4936F145D}.Ad-Hoc|iPhoneSimulator.ActiveCfg = Debug|Any CPU
		{A57A67E7-270E-446E-A6F4-97B4936F145D}.Ad-Hoc|iPhoneSimulator.Build.0 = Debug|Any CPU
		{A57A67E7-270E-446E-A6F4-97B4936F145D}.Ad-Hoc|iPhoneSimulator.Deploy.0 = Debug|Any CPU
		{A57A67E7-270E-446E-A6F4-97B4936F145D}.AppStore|Any CPU.ActiveCfg = Debug|Any CPU
		{A57A67E7-270E-446E-A6F4-97B4936F145D}.AppStore|Any CPU.Build.0 = Debug|Any CPU
		{A57A67E7-270E-446E-A6F4-97B4936F145D}.AppStore|Any CPU.Deploy.0 = Debug|Any CPU
		{A57A67E7-270E-446E-A6F4-97B4936F145D}.AppStore|iPhone.ActiveCfg = Debug|Any CPU
		{A57A67E7-270E-446E-A6F4-97B4936F145D}.AppStore|iPhone.Build.0 = Debug|Any CPU
		{A57A67E7-270E-446E-A6F4-97B4936F145D}.AppStore|iPhone.Deploy.0 = Debug|Any CPU
		{A57A67E7-270E-446E-A6F4-97B4936F145D}.AppStore|iPhoneSimulator.ActiveCfg = Debug|Any CPU
		{A57A67E7-270E-446E-A6F4-97B4936F145D}.AppStore|iPhoneSimulator.Build.0 = Debug|Any CPU
		{A57A67E7-270E-446E-A6F4-97B4936F145D}.AppStore|iPhoneSimulator.Deploy.0 = Debug|Any CPU
		{A57A67E7-270E-446E-A6F4-97B4936F145D}.Debug|Any CPU.ActiveCfg = Debug|Any CPU
		{A57A67E7-270E-446E-A6F4-97B4936F145D}.Debug|Any CPU.Build.0 = Debug|Any CPU
		{A57A67E7-270E-446E-A6F4-97B4936F145D}.Debug|Any CPU.Deploy.0 = Debug|Any CPU
		{A57A67E7-270E-446E-A6F4-97B4936F145D}.Debug|iPhone.ActiveCfg = Debug|Any CPU
		{A57A67E7-270E-446E-A6F4-97B4936F145D}.Debug|iPhone.Build.0 = Debug|Any CPU
		{A57A67E7-270E-446E-A6F4-97B4936F145D}.Debug|iPhone.Deploy.0 = Debug|Any CPU
		{A57A67E7-270E-446E-A6F4-97B4936F145D}.Debug|iPhoneSimulator.ActiveCfg = Debug|Any CPU
		{A57A67E7-270E-446E-A6F4-97B4936F145D}.Debug|iPhoneSimulator.Build.0 = Debug|Any CPU
		{A57A67E7-270E-446E-A6F4-97B4936F145D}.Debug|iPhoneSimulator.Deploy.0 = Debug|Any CPU
		{A57A67E7-270E-446E-A6F4-97B4936F145D}.Release|Any CPU.ActiveCfg = Release|Any CPU
		{A57A67E7-270E-446E-A6F4-97B4936F145D}.Release|Any CPU.Build.0 = Release|Any CPU
		{A57A67E7-270E-446E-A6F4-97B4936F145D}.Release|Any CPU.Deploy.0 = Release|Any CPU
		{A57A67E7-270E-446E-A6F4-97B4936F145D}.Release|iPhone.ActiveCfg = Release|Any CPU
		{A57A67E7-270E-446E-A6F4-97B4936F145D}.Release|iPhone.Build.0 = Release|Any CPU
		{A57A67E7-270E-446E-A6F4-97B4936F145D}.Release|iPhone.Deploy.0 = Release|Any CPU
		{A57A67E7-270E-446E-A6F4-97B4936F145D}.Release|iPhoneSimulator.ActiveCfg = Release|Any CPU
		{A57A67E7-270E-446E-A6F4-97B4936F145D}.Release|iPhoneSimulator.Build.0 = Release|Any CPU
		{A57A67E7-270E-446E-A6F4-97B4936F145D}.Release|iPhoneSimulator.Deploy.0 = Release|Any CPU
	EndGlobalSection
	GlobalSection(SolutionProperties) = preSolution
		HideSolutionNode = FALSE
	EndGlobalSection
	GlobalSection(ExtensibilityGlobals) = postSolution
		SolutionGuid = {851D21F9-B6F3-4555-9223-94B23C695B65}
	EndGlobalSection
EndGlobal
